// !$*UTF8*$!
{
	archiveVersion = 1;
	classes = {
	};
	objectVersion = 56;
	objects = {

/* Begin PBXBuildFile section */
		696D74352A0F77590065BFDD /* AccountProvider.swift in Sources */ = {isa = PBXBuildFile; fileRef = 696D74342A0F77590065BFDD /* AccountProvider.swift */; };
		696D74372A0F7FE80065BFDD /* BalanceProvider.swift in Sources */ = {isa = PBXBuildFile; fileRef = 696D74362A0F7FE80065BFDD /* BalanceProvider.swift */; };
		696D74392A0F808C0065BFDD /* Web3Provider.swift in Sources */ = {isa = PBXBuildFile; fileRef = 696D74382A0F808C0065BFDD /* Web3Provider.swift */; };
		696D743B2A0F80EC0065BFDD /* Network.swift in Sources */ = {isa = PBXBuildFile; fileRef = 696D743A2A0F80EC0065BFDD /* Network.swift */; };
		6998659B2A0F9238002A837D /* Colors.swift in Sources */ = {isa = PBXBuildFile; fileRef = 6998659A2A0F9238002A837D /* Colors.swift */; };
		6998659D2A0F988C002A837D /* SenderStartView.swift in Sources */ = {isa = PBXBuildFile; fileRef = 6998659C2A0F988C002A837D /* SenderStartView.swift */; };
		6998659F2A0F989A002A837D /* SenderInputView.swift in Sources */ = {isa = PBXBuildFile; fileRef = 6998659E2A0F989A002A837D /* SenderInputView.swift */; };
		699865A12A0FAB0C002A837D /* LinkBuilder.swift in Sources */ = {isa = PBXBuildFile; fileRef = 699865A02A0FAB0C002A837D /* LinkBuilder.swift */; };
		B6B11BE52A0EC27D00152BDA /* GeistApp.swift in Sources */ = {isa = PBXBuildFile; fileRef = B6B11BE42A0EC27D00152BDA /* GeistApp.swift */; };
		B6B11BE72A0EC27D00152BDA /* StartView.swift in Sources */ = {isa = PBXBuildFile; fileRef = B6B11BE62A0EC27D00152BDA /* StartView.swift */; };
		B6B11BE92A0EC27D00152BDA /* Assets.xcassets in Resources */ = {isa = PBXBuildFile; fileRef = B6B11BE82A0EC27D00152BDA /* Assets.xcassets */; };
		B6B11BED2A0EC27D00152BDA /* Preview Assets.xcassets in Resources */ = {isa = PBXBuildFile; fileRef = B6B11BEC2A0EC27D00152BDA /* Preview Assets.xcassets */; };
		B6B11BF62A0EC5E900152BDA /* Constants.swift in Sources */ = {isa = PBXBuildFile; fileRef = B6B11BF52A0EC5E900152BDA /* Constants.swift */; };
		B6B11BF92A0EC60D00152BDA /* Manager.swift in Sources */ = {isa = PBXBuildFile; fileRef = B6B11BF82A0EC60D00152BDA /* Manager.swift */; };
		B6B11BFB2A0EC6B000152BDA /* ShareScreenView.swift in Sources */ = {isa = PBXBuildFile; fileRef = B6B11BFA2A0EC6B000152BDA /* ShareScreenView.swift */; };
		B6B11BFD2A0EC6D600152BDA /* ShareSuccessView.swift in Sources */ = {isa = PBXBuildFile; fileRef = B6B11BFC2A0EC6D600152BDA /* ShareSuccessView.swift */; };
		B6B11BFF2A0EC72800152BDA /* ClaimNowView.swift in Sources */ = {isa = PBXBuildFile; fileRef = B6B11BFE2A0EC72800152BDA /* ClaimNowView.swift */; };
		B6B11C012A0EC75000152BDA /* ClaimSuccessView.swift in Sources */ = {isa = PBXBuildFile; fileRef = B6B11C002A0EC75000152BDA /* ClaimSuccessView.swift */; };
		B6FD96582A0ECC5900CBCDDA /* web3swift in Frameworks */ = {isa = PBXBuildFile; productRef = B6FD96572A0ECC5900CBCDDA /* web3swift */; };
/* End PBXBuildFile section */

/* Begin PBXFileReference section */
		696D74342A0F77590065BFDD /* AccountProvider.swift */ = {isa = PBXFileReference; lastKnownFileType = sourcecode.swift; path = AccountProvider.swift; sourceTree = "<group>"; };
		696D74362A0F7FE80065BFDD /* BalanceProvider.swift */ = {isa = PBXFileReference; lastKnownFileType = sourcecode.swift; path = BalanceProvider.swift; sourceTree = "<group>"; };
		696D74382A0F808C0065BFDD /* Web3Provider.swift */ = {isa = PBXFileReference; lastKnownFileType = sourcecode.swift; path = Web3Provider.swift; sourceTree = "<group>"; };
		696D743A2A0F80EC0065BFDD /* Network.swift */ = {isa = PBXFileReference; lastKnownFileType = sourcecode.swift; path = Network.swift; sourceTree = "<group>"; };
		6998659A2A0F9238002A837D /* Colors.swift */ = {isa = PBXFileReference; fileEncoding = 4; lastKnownFileType = sourcecode.swift; path = Colors.swift; sourceTree = "<group>"; };
		6998659C2A0F988C002A837D /* SenderStartView.swift */ = {isa = PBXFileReference; lastKnownFileType = sourcecode.swift; path = SenderStartView.swift; sourceTree = "<group>"; };
		6998659E2A0F989A002A837D /* SenderInputView.swift */ = {isa = PBXFileReference; lastKnownFileType = sourcecode.swift; path = SenderInputView.swift; sourceTree = "<group>"; };
		699865A02A0FAB0C002A837D /* LinkBuilder.swift */ = {isa = PBXFileReference; lastKnownFileType = sourcecode.swift; path = LinkBuilder.swift; sourceTree = "<group>"; };
		B6B11BE12A0EC27D00152BDA /* Geist.app */ = {isa = PBXFileReference; explicitFileType = wrapper.application; includeInIndex = 0; path = Geist.app; sourceTree = BUILT_PRODUCTS_DIR; };
		B6B11BE42A0EC27D00152BDA /* GeistApp.swift */ = {isa = PBXFileReference; lastKnownFileType = sourcecode.swift; path = GeistApp.swift; sourceTree = "<group>"; };
		B6B11BE62A0EC27D00152BDA /* StartView.swift */ = {isa = PBXFileReference; lastKnownFileType = sourcecode.swift; path = StartView.swift; sourceTree = "<group>"; };
		B6B11BE82A0EC27D00152BDA /* Assets.xcassets */ = {isa = PBXFileReference; lastKnownFileType = folder.assetcatalog; path = Assets.xcassets; sourceTree = "<group>"; };
		B6B11BEA2A0EC27D00152BDA /* Geist.entitlements */ = {isa = PBXFileReference; lastKnownFileType = text.plist.entitlements; path = Geist.entitlements; sourceTree = "<group>"; };
		B6B11BEC2A0EC27D00152BDA /* Preview Assets.xcassets */ = {isa = PBXFileReference; lastKnownFileType = folder.assetcatalog; path = "Preview Assets.xcassets"; sourceTree = "<group>"; };
		B6B11BF52A0EC5E900152BDA /* Constants.swift */ = {isa = PBXFileReference; lastKnownFileType = sourcecode.swift; path = Constants.swift; sourceTree = "<group>"; };
		B6B11BF82A0EC60D00152BDA /* Manager.swift */ = {isa = PBXFileReference; lastKnownFileType = sourcecode.swift; path = Manager.swift; sourceTree = "<group>"; };
		B6B11BFA2A0EC6B000152BDA /* ShareScreenView.swift */ = {isa = PBXFileReference; lastKnownFileType = sourcecode.swift; path = ShareScreenView.swift; sourceTree = "<group>"; };
		B6B11BFC2A0EC6D600152BDA /* ShareSuccessView.swift */ = {isa = PBXFileReference; lastKnownFileType = sourcecode.swift; path = ShareSuccessView.swift; sourceTree = "<group>"; };
		B6B11BFE2A0EC72800152BDA /* ClaimNowView.swift */ = {isa = PBXFileReference; lastKnownFileType = sourcecode.swift; path = ClaimNowView.swift; sourceTree = "<group>"; };
		B6B11C002A0EC75000152BDA /* ClaimSuccessView.swift */ = {isa = PBXFileReference; lastKnownFileType = sourcecode.swift; path = ClaimSuccessView.swift; sourceTree = "<group>"; };
		B6FEDF3C2A0F7D7800BC740C /* Info.plist */ = {isa = PBXFileReference; lastKnownFileType = text.plist; path = Info.plist; sourceTree = "<group>"; };
/* End PBXFileReference section */

/* Begin PBXFrameworksBuildPhase section */
		B6B11BDE2A0EC27D00152BDA /* Frameworks */ = {
			isa = PBXFrameworksBuildPhase;
			buildActionMask = 2147483647;
			files = (
				B6FD96582A0ECC5900CBCDDA /* web3swift in Frameworks */,
			);
			runOnlyForDeploymentPostprocessing = 0;
		};
/* End PBXFrameworksBuildPhase section */

/* Begin PBXGroup section */
		B6B11BD82A0EC27D00152BDA = {
			isa = PBXGroup;
			children = (
				B6B11BE32A0EC27D00152BDA /* Geist */,
				B6B11BE22A0EC27D00152BDA /* Products */,
			);
			sourceTree = "<group>";
		};
		B6B11BE22A0EC27D00152BDA /* Products */ = {
			isa = PBXGroup;
			children = (
				B6B11BE12A0EC27D00152BDA /* Geist.app */,
			);
			name = Products;
			sourceTree = "<group>";
		};
		B6B11BE32A0EC27D00152BDA /* Geist */ = {
			isa = PBXGroup;
			children = (
				B6FEDF3C2A0F7D7800BC740C /* Info.plist */,
				6998659A2A0F9238002A837D /* Colors.swift */,
				B6B11BF52A0EC5E900152BDA /* Constants.swift */,
				B6B11BE42A0EC27D00152BDA /* GeistApp.swift */,
				B6B11BE62A0EC27D00152BDA /* StartView.swift */,
				B6B11BF72A0EC5FE00152BDA /* Shared */,
				B6B11BF32A0EC5CC00152BDA /* SenderFlow */,
				B6B11BF42A0EC5D300152BDA /* ReceiverFlow */,
				B6B11BE82A0EC27D00152BDA /* Assets.xcassets */,
				B6B11BEA2A0EC27D00152BDA /* Geist.entitlements */,
				B6B11BEB2A0EC27D00152BDA /* Preview Content */,
			);
			path = Geist;
			sourceTree = "<group>";
		};
		B6B11BEB2A0EC27D00152BDA /* Preview Content */ = {
			isa = PBXGroup;
			children = (
				B6B11BEC2A0EC27D00152BDA /* Preview Assets.xcassets */,
			);
			path = "Preview Content";
			sourceTree = "<group>";
		};
		B6B11BF32A0EC5CC00152BDA /* SenderFlow */ = {
			isa = PBXGroup;
			children = (
				6998659C2A0F988C002A837D /* SenderStartView.swift */,
				6998659E2A0F989A002A837D /* SenderInputView.swift */,
				B6B11BFA2A0EC6B000152BDA /* ShareScreenView.swift */,
				B6B11BFC2A0EC6D600152BDA /* ShareSuccessView.swift */,
			);
			path = SenderFlow;
			sourceTree = "<group>";
		};
		B6B11BF42A0EC5D300152BDA /* ReceiverFlow */ = {
			isa = PBXGroup;
			children = (
				B6B11BFE2A0EC72800152BDA /* ClaimNowView.swift */,
				B6B11C002A0EC75000152BDA /* ClaimSuccessView.swift */,
			);
			path = ReceiverFlow;
			sourceTree = "<group>";
		};
		B6B11BF72A0EC5FE00152BDA /* Shared */ = {
			isa = PBXGroup;
			children = (
				699865A02A0FAB0C002A837D /* LinkBuilder.swift */,
				B6B11BF82A0EC60D00152BDA /* Manager.swift */,
				696D74342A0F77590065BFDD /* AccountProvider.swift */,
				696D74362A0F7FE80065BFDD /* BalanceProvider.swift */,
				696D743A2A0F80EC0065BFDD /* Network.swift */,
				696D74382A0F808C0065BFDD /* Web3Provider.swift */,
			);
			path = Shared;
			sourceTree = "<group>";
		};
/* End PBXGroup section */

/* Begin PBXNativeTarget section */
		B6B11BE02A0EC27D00152BDA /* Geist */ = {
			isa = PBXNativeTarget;
			buildConfigurationList = B6B11BF02A0EC27D00152BDA /* Build configuration list for PBXNativeTarget "Geist" */;
			buildPhases = (
				B6B11BDD2A0EC27D00152BDA /* Sources */,
				B6B11BDE2A0EC27D00152BDA /* Frameworks */,
				B6B11BDF2A0EC27D00152BDA /* Resources */,
			);
			buildRules = (
			);
			dependencies = (
			);
			name = Geist;
			packageProductDependencies = (
				B6FD96572A0ECC5900CBCDDA /* web3swift */,
			);
			productName = Geist;
			productReference = B6B11BE12A0EC27D00152BDA /* Geist.app */;
			productType = "com.apple.product-type.application";
		};
/* End PBXNativeTarget section */

/* Begin PBXProject section */
		B6B11BD92A0EC27D00152BDA /* Project object */ = {
			isa = PBXProject;
			attributes = {
				BuildIndependentTargetsInParallel = 1;
				LastSwiftUpdateCheck = 1430;
				LastUpgradeCheck = 1430;
				TargetAttributes = {
					B6B11BE02A0EC27D00152BDA = {
						CreatedOnToolsVersion = 14.3;
					};
				};
			};
			buildConfigurationList = B6B11BDC2A0EC27D00152BDA /* Build configuration list for PBXProject "Geist" */;
			compatibilityVersion = "Xcode 14.0";
			developmentRegion = en;
			hasScannedForEncodings = 0;
			knownRegions = (
				en,
				Base,
			);
			mainGroup = B6B11BD82A0EC27D00152BDA;
			packageReferences = (
				B6FD96562A0ECC5900CBCDDA /* XCRemoteSwiftPackageReference "web3swift" */,
			);
			productRefGroup = B6B11BE22A0EC27D00152BDA /* Products */;
			projectDirPath = "";
			projectRoot = "";
			targets = (
				B6B11BE02A0EC27D00152BDA /* Geist */,
			);
		};
/* End PBXProject section */

/* Begin PBXResourcesBuildPhase section */
		B6B11BDF2A0EC27D00152BDA /* Resources */ = {
			isa = PBXResourcesBuildPhase;
			buildActionMask = 2147483647;
			files = (
				B6B11BED2A0EC27D00152BDA /* Preview Assets.xcassets in Resources */,
				B6B11BE92A0EC27D00152BDA /* Assets.xcassets in Resources */,
			);
			runOnlyForDeploymentPostprocessing = 0;
		};
/* End PBXResourcesBuildPhase section */

/* Begin PBXSourcesBuildPhase section */
		B6B11BDD2A0EC27D00152BDA /* Sources */ = {
			isa = PBXSourcesBuildPhase;
			buildActionMask = 2147483647;
			files = (
				B6B11BE72A0EC27D00152BDA /* StartView.swift in Sources */,
				699865A12A0FAB0C002A837D /* LinkBuilder.swift in Sources */,
				B6B11BE52A0EC27D00152BDA /* GeistApp.swift in Sources */,
				696D743B2A0F80EC0065BFDD /* Network.swift in Sources */,
				B6B11BFD2A0EC6D600152BDA /* ShareSuccessView.swift in Sources */,
				6998659F2A0F989A002A837D /* SenderInputView.swift in Sources */,
				696D74372A0F7FE80065BFDD /* BalanceProvider.swift in Sources */,
				B6B11C012A0EC75000152BDA /* ClaimSuccessView.swift in Sources */,
				6998659D2A0F988C002A837D /* SenderStartView.swift in Sources */,
				696D74352A0F77590065BFDD /* AccountProvider.swift in Sources */,
				696D74392A0F808C0065BFDD /* Web3Provider.swift in Sources */,
				6998659B2A0F9238002A837D /* Colors.swift in Sources */,
				B6B11BF62A0EC5E900152BDA /* Constants.swift in Sources */,
				B6B11BF92A0EC60D00152BDA /* Manager.swift in Sources */,
				B6B11BFB2A0EC6B000152BDA /* ShareScreenView.swift in Sources */,
				B6B11BFF2A0EC72800152BDA /* ClaimNowView.swift in Sources */,
			);
			runOnlyForDeploymentPostprocessing = 0;
		};
/* End PBXSourcesBuildPhase section */

/* Begin XCBuildConfiguration section */
		B6B11BEE2A0EC27D00152BDA /* Debug */ = {
			isa = XCBuildConfiguration;
			buildSettings = {
				ALWAYS_SEARCH_USER_PATHS = NO;
				CLANG_ANALYZER_NONNULL = YES;
				CLANG_ANALYZER_NUMBER_OBJECT_CONVERSION = YES_AGGRESSIVE;
				CLANG_CXX_LANGUAGE_STANDARD = "gnu++20";
				CLANG_ENABLE_MODULES = YES;
				CLANG_ENABLE_OBJC_ARC = YES;
				CLANG_ENABLE_OBJC_WEAK = YES;
				CLANG_WARN_BLOCK_CAPTURE_AUTORELEASING = YES;
				CLANG_WARN_BOOL_CONVERSION = YES;
				CLANG_WARN_COMMA = YES;
				CLANG_WARN_CONSTANT_CONVERSION = YES;
				CLANG_WARN_DEPRECATED_OBJC_IMPLEMENTATIONS = YES;
				CLANG_WARN_DIRECT_OBJC_ISA_USAGE = YES_ERROR;
				CLANG_WARN_DOCUMENTATION_COMMENTS = YES;
				CLANG_WARN_EMPTY_BODY = YES;
				CLANG_WARN_ENUM_CONVERSION = YES;
				CLANG_WARN_INFINITE_RECURSION = YES;
				CLANG_WARN_INT_CONVERSION = YES;
				CLANG_WARN_NON_LITERAL_NULL_CONVERSION = YES;
				CLANG_WARN_OBJC_IMPLICIT_RETAIN_SELF = YES;
				CLANG_WARN_OBJC_LITERAL_CONVERSION = YES;
				CLANG_WARN_OBJC_ROOT_CLASS = YES_ERROR;
				CLANG_WARN_QUOTED_INCLUDE_IN_FRAMEWORK_HEADER = YES;
				CLANG_WARN_RANGE_LOOP_ANALYSIS = YES;
				CLANG_WARN_STRICT_PROTOTYPES = YES;
				CLANG_WARN_SUSPICIOUS_MOVE = YES;
				CLANG_WARN_UNGUARDED_AVAILABILITY = YES_AGGRESSIVE;
				CLANG_WARN_UNREACHABLE_CODE = YES;
				CLANG_WARN__DUPLICATE_METHOD_MATCH = YES;
				COPY_PHASE_STRIP = NO;
				DEBUG_INFORMATION_FORMAT = dwarf;
				ENABLE_STRICT_OBJC_MSGSEND = YES;
				ENABLE_TESTABILITY = YES;
				GCC_C_LANGUAGE_STANDARD = gnu11;
				GCC_DYNAMIC_NO_PIC = NO;
				GCC_NO_COMMON_BLOCKS = YES;
				GCC_OPTIMIZATION_LEVEL = 0;
				GCC_PREPROCESSOR_DEFINITIONS = (
					"DEBUG=1",
					"$(inherited)",
				);
				GCC_WARN_64_TO_32_BIT_CONVERSION = YES;
				GCC_WARN_ABOUT_RETURN_TYPE = YES_ERROR;
				GCC_WARN_UNDECLARED_SELECTOR = YES;
				GCC_WARN_UNINITIALIZED_AUTOS = YES_AGGRESSIVE;
				GCC_WARN_UNUSED_FUNCTION = YES;
				GCC_WARN_UNUSED_VARIABLE = YES;
				MTL_ENABLE_DEBUG_INFO = INCLUDE_SOURCE;
				MTL_FAST_MATH = YES;
				ONLY_ACTIVE_ARCH = YES;
				SWIFT_ACTIVE_COMPILATION_CONDITIONS = DEBUG;
				SWIFT_OPTIMIZATION_LEVEL = "-Onone";
			};
			name = Debug;
		};
		B6B11BEF2A0EC27D00152BDA /* Release */ = {
			isa = XCBuildConfiguration;
			buildSettings = {
				ALWAYS_SEARCH_USER_PATHS = NO;
				CLANG_ANALYZER_NONNULL = YES;
				CLANG_ANALYZER_NUMBER_OBJECT_CONVERSION = YES_AGGRESSIVE;
				CLANG_CXX_LANGUAGE_STANDARD = "gnu++20";
				CLANG_ENABLE_MODULES = YES;
				CLANG_ENABLE_OBJC_ARC = YES;
				CLANG_ENABLE_OBJC_WEAK = YES;
				CLANG_WARN_BLOCK_CAPTURE_AUTORELEASING = YES;
				CLANG_WARN_BOOL_CONVERSION = YES;
				CLANG_WARN_COMMA = YES;
				CLANG_WARN_CONSTANT_CONVERSION = YES;
				CLANG_WARN_DEPRECATED_OBJC_IMPLEMENTATIONS = YES;
				CLANG_WARN_DIRECT_OBJC_ISA_USAGE = YES_ERROR;
				CLANG_WARN_DOCUMENTATION_COMMENTS = YES;
				CLANG_WARN_EMPTY_BODY = YES;
				CLANG_WARN_ENUM_CONVERSION = YES;
				CLANG_WARN_INFINITE_RECURSION = YES;
				CLANG_WARN_INT_CONVERSION = YES;
				CLANG_WARN_NON_LITERAL_NULL_CONVERSION = YES;
				CLANG_WARN_OBJC_IMPLICIT_RETAIN_SELF = YES;
				CLANG_WARN_OBJC_LITERAL_CONVERSION = YES;
				CLANG_WARN_OBJC_ROOT_CLASS = YES_ERROR;
				CLANG_WARN_QUOTED_INCLUDE_IN_FRAMEWORK_HEADER = YES;
				CLANG_WARN_RANGE_LOOP_ANALYSIS = YES;
				CLANG_WARN_STRICT_PROTOTYPES = YES;
				CLANG_WARN_SUSPICIOUS_MOVE = YES;
				CLANG_WARN_UNGUARDED_AVAILABILITY = YES_AGGRESSIVE;
				CLANG_WARN_UNREACHABLE_CODE = YES;
				CLANG_WARN__DUPLICATE_METHOD_MATCH = YES;
				COPY_PHASE_STRIP = NO;
				DEBUG_INFORMATION_FORMAT = "dwarf-with-dsym";
				ENABLE_NS_ASSERTIONS = NO;
				ENABLE_STRICT_OBJC_MSGSEND = YES;
				GCC_C_LANGUAGE_STANDARD = gnu11;
				GCC_NO_COMMON_BLOCKS = YES;
				GCC_WARN_64_TO_32_BIT_CONVERSION = YES;
				GCC_WARN_ABOUT_RETURN_TYPE = YES_ERROR;
				GCC_WARN_UNDECLARED_SELECTOR = YES;
				GCC_WARN_UNINITIALIZED_AUTOS = YES_AGGRESSIVE;
				GCC_WARN_UNUSED_FUNCTION = YES;
				GCC_WARN_UNUSED_VARIABLE = YES;
				MTL_ENABLE_DEBUG_INFO = NO;
				MTL_FAST_MATH = YES;
				SWIFT_COMPILATION_MODE = wholemodule;
				SWIFT_OPTIMIZATION_LEVEL = "-O";
			};
			name = Release;
		};
		B6B11BF12A0EC27D00152BDA /* Debug */ = {
			isa = XCBuildConfiguration;
			buildSettings = {
				ASSETCATALOG_COMPILER_APPICON_NAME = AppIcon;
				ASSETCATALOG_COMPILER_GLOBAL_ACCENT_COLOR_NAME = AccentColor;
				CODE_SIGN_ENTITLEMENTS = Geist/Geist.entitlements;
				CODE_SIGN_STYLE = Automatic;
				CURRENT_PROJECT_VERSION = 1;
				DEVELOPMENT_ASSET_PATHS = "\"Geist/Preview Content\"";
				DEVELOPMENT_TEAM = 8HGZ7TK2HF;
				ENABLE_HARDENED_RUNTIME = YES;
				ENABLE_PREVIEWS = YES;
				GENERATE_INFOPLIST_FILE = YES;
				INFOPLIST_FILE = Geist/Info.plist;
				"INFOPLIST_KEY_UIApplicationSceneManifest_Generation[sdk=iphoneos*]" = YES;
				"INFOPLIST_KEY_UIApplicationSceneManifest_Generation[sdk=iphonesimulator*]" = YES;
				"INFOPLIST_KEY_UIApplicationSupportsIndirectInputEvents[sdk=iphoneos*]" = YES;
				"INFOPLIST_KEY_UIApplicationSupportsIndirectInputEvents[sdk=iphonesimulator*]" = YES;
				"INFOPLIST_KEY_UILaunchScreen_Generation[sdk=iphoneos*]" = YES;
				"INFOPLIST_KEY_UILaunchScreen_Generation[sdk=iphonesimulator*]" = YES;
				"INFOPLIST_KEY_UIStatusBarStyle[sdk=iphoneos*]" = UIStatusBarStyleDefault;
				"INFOPLIST_KEY_UIStatusBarStyle[sdk=iphonesimulator*]" = UIStatusBarStyleDefault;
				INFOPLIST_KEY_UISupportedInterfaceOrientations_iPad = "UIInterfaceOrientationPortrait UIInterfaceOrientationPortraitUpsideDown UIInterfaceOrientationLandscapeLeft UIInterfaceOrientationLandscapeRight";
				INFOPLIST_KEY_UISupportedInterfaceOrientations_iPhone = "UIInterfaceOrientationPortrait UIInterfaceOrientationLandscapeLeft UIInterfaceOrientationLandscapeRight";
				IPHONEOS_DEPLOYMENT_TARGET = 16.4;
				LD_RUNPATH_SEARCH_PATHS = "@executable_path/Frameworks";
				"LD_RUNPATH_SEARCH_PATHS[sdk=macosx*]" = "@executable_path/../Frameworks";
				MACOSX_DEPLOYMENT_TARGET = 13.3;
				MARKETING_VERSION = 1.0;
				PRODUCT_BUNDLE_IDENTIFIER = com.ethglobal.Geist;
				PRODUCT_NAME = "$(TARGET_NAME)";
				SDKROOT = auto;
				SUPPORTED_PLATFORMS = "iphoneos iphonesimulator macosx";
				SWIFT_EMIT_LOC_STRINGS = YES;
				SWIFT_VERSION = 5.0;
				TARGETED_DEVICE_FAMILY = "1,2";
			};
			name = Debug;
		};
		B6B11BF22A0EC27D00152BDA /* Release */ = {
			isa = XCBuildConfiguration;
			buildSettings = {
				ASSETCATALOG_COMPILER_APPICON_NAME = AppIcon;
				ASSETCATALOG_COMPILER_GLOBAL_ACCENT_COLOR_NAME = AccentColor;
				CODE_SIGN_ENTITLEMENTS = Geist/Geist.entitlements;
				CODE_SIGN_STYLE = Automatic;
				CURRENT_PROJECT_VERSION = 1;
				DEVELOPMENT_ASSET_PATHS = "\"Geist/Preview Content\"";
				DEVELOPMENT_TEAM = 8HGZ7TK2HF;
				ENABLE_HARDENED_RUNTIME = YES;
				ENABLE_PREVIEWS = YES;
				GENERATE_INFOPLIST_FILE = YES;
				INFOPLIST_FILE = Geist/Info.plist;
				"INFOPLIST_KEY_UIApplicationSceneManifest_Generation[sdk=iphoneos*]" = YES;
				"INFOPLIST_KEY_UIApplicationSceneManifest_Generation[sdk=iphonesimulator*]" = YES;
				"INFOPLIST_KEY_UIApplicationSupportsIndirectInputEvents[sdk=iphoneos*]" = YES;
				"INFOPLIST_KEY_UIApplicationSupportsIndirectInputEvents[sdk=iphonesimulator*]" = YES;
				"INFOPLIST_KEY_UILaunchScreen_Generation[sdk=iphoneos*]" = YES;
				"INFOPLIST_KEY_UILaunchScreen_Generation[sdk=iphonesimulator*]" = YES;
				"INFOPLIST_KEY_UIStatusBarStyle[sdk=iphoneos*]" = UIStatusBarStyleDefault;
				"INFOPLIST_KEY_UIStatusBarStyle[sdk=iphonesimulator*]" = UIStatusBarStyleDefault;
				INFOPLIST_KEY_UISupportedInterfaceOrientations_iPad = "UIInterfaceOrientationPortrait UIInterfaceOrientationPortraitUpsideDown UIInterfaceOrientationLandscapeLeft UIInterfaceOrientationLandscapeRight";
				INFOPLIST_KEY_UISupportedInterfaceOrientations_iPhone = "UIInterfaceOrientationPortrait UIInterfaceOrientationLandscapeLeft UIInterfaceOrientationLandscapeRight";
				IPHONEOS_DEPLOYMENT_TARGET = 16.4;
				LD_RUNPATH_SEARCH_PATHS = "@executable_path/Frameworks";
				"LD_RUNPATH_SEARCH_PATHS[sdk=macosx*]" = "@executable_path/../Frameworks";
				MACOSX_DEPLOYMENT_TARGET = 13.3;
				MARKETING_VERSION = 1.0;
				PRODUCT_BUNDLE_IDENTIFIER = com.ethglobal.Geist;
				PRODUCT_NAME = "$(TARGET_NAME)";
				SDKROOT = auto;
				SUPPORTED_PLATFORMS = "iphoneos iphonesimulator macosx";
				SWIFT_EMIT_LOC_STRINGS = YES;
				SWIFT_VERSION = 5.0;
				TARGETED_DEVICE_FAMILY = "1,2";
			};
			name = Release;
		};
/* End XCBuildConfiguration section */

/* Begin XCConfigurationList section */
		B6B11BDC2A0EC27D00152BDA /* Build configuration list for PBXProject "Geist" */ = {
			isa = XCConfigurationList;
			buildConfigurations = (
				B6B11BEE2A0EC27D00152BDA /* Debug */,
				B6B11BEF2A0EC27D00152BDA /* Release */,
			);
			defaultConfigurationIsVisible = 0;
			defaultConfigurationName = Release;
		};
		B6B11BF02A0EC27D00152BDA /* Build configuration list for PBXNativeTarget "Geist" */ = {
			isa = XCConfigurationList;
			buildConfigurations = (
				B6B11BF12A0EC27D00152BDA /* Debug */,
				B6B11BF22A0EC27D00152BDA /* Release */,
			);
			defaultConfigurationIsVisible = 0;
			defaultConfigurationName = Release;
		};
/* End XCConfigurationList section */

/* Begin XCRemoteSwiftPackageReference section */
		B6FD96562A0ECC5900CBCDDA /* XCRemoteSwiftPackageReference "web3swift" */ = {
			isa = XCRemoteSwiftPackageReference;
			repositoryURL = "https://github.com/web3swift-team/web3swift.git";
			requirement = {
				kind = upToNextMajorVersion;
				minimumVersion = 3.0.0;
			};
		};
/* End XCRemoteSwiftPackageReference section */

/* Begin XCSwiftPackageProductDependency section */
		B6FD96572A0ECC5900CBCDDA /* web3swift */ = {
			isa = XCSwiftPackageProductDependency;
			package = B6FD96562A0ECC5900CBCDDA /* XCRemoteSwiftPackageReference "web3swift" */;
			productName = web3swift;
		};
/* End XCSwiftPackageProductDependency section */
	};
	rootObject = B6B11BD92A0EC27D00152BDA /* Project object */;
}
